
Microsoft Visual Studio Solution File, Format Version 12.00
# Visual Studio 15
VisualStudioVersion = 15.0.26124.0
MinimumVisualStudioVersion = 15.0.26124.0
Project("{FAE04EC0-301F-11D3-BF4B-00C04F79EFBC}") = "Flanders.TextMatcher.Api", "Flanders.TextMatcher.Api\Flanders.TextMatcher.Api.csproj", "{A3996761-67B5-418B-AE85-E62AAE6CAF02}"
EndProject
Project("{FAE04EC0-301F-11D3-BF4B-00C04F79EFBC}") = "Flanders.TextMatcher.Business", "Flanders.TextMatcher.Business\Flanders.TextMatcher.Business.csproj", "{8654AF06-D4B4-4A75-A107-956A39085B24}"
EndProject
Project("{FAE04EC0-301F-11D3-BF4B-00C04F79EFBC}") = "Flanders.TextMatcher.Business.Test", "Flanders.TextMatcher.Business.Test\Flanders.TextMatcher.Business.Test.csproj", "{C167F915-FB4D-4F33-9F7D-44BDE321703F}"
EndProject
Project("{FAE04EC0-301F-11D3-BF4B-00C04F79EFBC}") = "Flanders.TextMatcher.Model", "Flanders.TextMatcher.Model\Flanders.TextMatcher.Model.csproj", "{46D64B8F-4BC4-4B10-9E51-47A5BF3FDE33}"
EndProject
Global
	GlobalSection(SolutionConfigurationPlatforms) = preSolution
		Debug|Any CPU = Debug|Any CPU
		Debug|x64 = Debug|x64
		Debug|x86 = Debug|x86
		Release|Any CPU = Release|Any CPU
		Release|x64 = Release|x64
		Release|x86 = Release|x86
	EndGlobalSection
	GlobalSection(SolutionProperties) = preSolution
		HideSolutionNode = FALSE
	EndGlobalSection
	GlobalSection(ProjectConfigurationPlatforms) = postSolution
		{A3996761-67B5-418B-AE85-E62AAE6CAF02}.Debug|Any CPU.ActiveCfg = Debug|Any CPU
		{A3996761-67B5-418B-AE85-E62AAE6CAF02}.Debug|Any CPU.Build.0 = Debug|Any CPU
		{A3996761-67B5-418B-AE85-E62AAE6CAF02}.Debug|x64.ActiveCfg = Debug|Any CPU
		{A3996761-67B5-418B-AE85-E62AAE6CAF02}.Debug|x64.Build.0 = Debug|Any CPU
		{A3996761-67B5-418B-AE85-E62AAE6CAF02}.Debug|x86.ActiveCfg = Debug|Any CPU
		{A3996761-67B5-418B-AE85-E62AAE6CAF02}.Debug|x86.Build.0 = Debug|Any CPU
		{A3996761-67B5-418B-AE85-E62AAE6CAF02}.Release|Any CPU.ActiveCfg = Release|Any CPU
		{A3996761-67B5-418B-AE85-E62AAE6CAF02}.Release|Any CPU.Build.0 = Release|Any CPU
		{A3996761-67B5-418B-AE85-E62AAE6CAF02}.Release|x64.ActiveCfg = Release|Any CPU
		{A3996761-67B5-418B-AE85-E62AAE6CAF02}.Release|x64.Build.0 = Release|Any CPU
		{A3996761-67B5-418B-AE85-E62AAE6CAF02}.Release|x86.ActiveCfg = Release|Any CPU
		{A3996761-67B5-418B-AE85-E62AAE6CAF02}.Release|x86.Build.0 = Release|Any CPU
		{8654AF06-D4B4-4A75-A107-956A39085B24}.Debug|Any CPU.ActiveCfg = Debug|Any CPU
		{8654AF06-D4B4-4A75-A107-956A39085B24}.Debug|Any CPU.Build.0 = Debug|Any CPU
		{8654AF06-D4B4-4A75-A107-956A39085B24}.Debug|x64.ActiveCfg = Debug|Any CPU
		{8654AF06-D4B4-4A75-A107-956A39085B24}.Debug|x64.Build.0 = Debug|Any CPU
		{8654AF06-D4B4-4A75-A107-956A39085B24}.Debug|x86.ActiveCfg = Debug|Any CPU
		{8654AF06-D4B4-4A75-A107-956A39085B24}.Debug|x86.Build.0 = Debug|Any CPU
		{8654AF06-D4B4-4A75-A107-956A39085B24}.Release|Any CPU.ActiveCfg = Release|Any CPU
		{8654AF06-D4B4-4A75-A107-956A39085B24}.Release|Any CPU.Build.0 = Release|Any CPU
		{8654AF06-D4B4-4A75-A107-956A39085B24}.Release|x64.ActiveCfg = Release|Any CPU
		{8654AF06-D4B4-4A75-A107-956A39085B24}.Release|x64.Build.0 = Release|Any CPU
		{8654AF06-D4B4-4A75-A107-956A39085B24}.Release|x86.ActiveCfg = Release|Any CPU
		{8654AF06-D4B4-4A75-A107-956A39085B24}.Release|x86.Build.0 = Release|Any CPU
		{C167F915-FB4D-4F33-9F7D-44BDE321703F}.Debug|Any CPU.ActiveCfg = Debug|Any CPU
		{C167F915-FB4D-4F33-9F7D-44BDE321703F}.Debug|Any CPU.Build.0 = Debug|Any CPU
		{C167F915-FB4D-4F33-9F7D-44BDE321703F}.Debug|x64.ActiveCfg = Debug|Any CPU
		{C167F915-FB4D-4F33-9F7D-44BDE321703F}.Debug|x64.Build.0 = Debug|Any CPU
		{C167F915-FB4D-4F33-9F7D-44BDE321703F}.Debug|x86.ActiveCfg = Debug|Any CPU
		{C167F915-FB4D-4F33-9F7D-44BDE321703F}.Debug|x86.Build.0 = Debug|Any CPU
		{C167F915-FB4D-4F33-9F7D-44BDE321703F}.Release|Any CPU.ActiveCfg = Release|Any CPU
		{C167F915-FB4D-4F33-9F7D-44BDE321703F}.Release|Any CPU.Build.0 = Release|Any CPU
		{C167F915-FB4D-4F33-9F7D-44BDE321703F}.Release|x64.ActiveCfg = Release|Any CPU
		{C167F915-FB4D-4F33-9F7D-44BDE321703F}.Release|x64.Build.0 = Release|Any CPU
		{C167F915-FB4D-4F33-9F7D-44BDE321703F}.Release|x86.ActiveCfg = Release|Any CPU
		{C167F915-FB4D-4F33-9F7D-44BDE321703F}.Release|x86.Build.0 = Release|Any CPU
		{46D64B8F-4BC4-4B10-9E51-47A5BF3FDE33}.Debug|Any CPU.ActiveCfg = Debug|Any CPU
		{46D64B8F-4BC4-4B10-9E51-47A5BF3FDE33}.Debug|Any CPU.Build.0 = Debug|Any CPU
		{46D64B8F-4BC4-4B10-9E51-47A5BF3FDE33}.Debug|x64.ActiveCfg = Debug|Any CPU
		{46D64B8F-4BC4-4B10-9E51-47A5BF3FDE33}.Debug|x64.Build.0 = Debug|Any CPU
		{46D64B8F-4BC4-4B10-9E51-47A5BF3FDE33}.Debug|x86.ActiveCfg = Debug|Any CPU
		{46D64B8F-4BC4-4B10-9E51-47A5BF3FDE33}.Debug|x86.Build.0 = Debug|Any CPU
		{46D64B8F-4BC4-4B10-9E51-47A5BF3FDE33}.Release|Any CPU.ActiveCfg = Release|Any CPU
		{46D64B8F-4BC4-4B10-9E51-47A5BF3FDE33}.Release|Any CPU.Build.0 = Release|Any CPU
		{46D64B8F-4BC4-4B10-9E51-47A5BF3FDE33}.Release|x64.ActiveCfg = Release|Any CPU
		{46D64B8F-4BC4-4B10-9E51-47A5BF3FDE33}.Release|x64.Build.0 = Release|Any CPU
		{46D64B8F-4BC4-4B10-9E51-47A5BF3FDE33}.Release|x86.ActiveCfg = Release|Any CPU
		{46D64B8F-4BC4-4B10-9E51-47A5BF3FDE33}.Release|x86.Build.0 = Release|Any CPU
	EndGlobalSection
EndGlobal
